{
  "name": "claseGenerico",
  "lockfileVersion": 2,
  "requires": true,
  "packages": {
    "": {
      "dependencies": {
        "momento": "^0.2.0"
      }
    },
    "node_modules/moment": {
      "version": "2.29.4",
      "resolved": "https://registry.npmjs.org/moment/-/moment-2.29.4.tgz",
      "integrity": "sha512-5LC9SOxjSc2HF6vO2CyuTDNivEdoz2IvyJJGj6X8DJ0eFyfszE0QiEd+iXmBvUP3WHxSjFH/vIsA0EN00cgr8w==",
      "engines": {
        "node": "*"
      }
    },
    "node_modules/momento": {
      "version": "0.2.0",
      "resolved": "https://registry.npmjs.org/momento/-/momento-0.2.0.tgz",
      "integrity": "sha512-nIuBJ0hbUtyx+64LOSV+Bt53bQ3/YFvLx7VmPoTzXT0CBpFJdN5einKfUG0SMOpfSFFDQDh5Yjc1/k0082IwCw==",
      "dependencies": {
        "moment": "^2.19.3",
        "ramda": "^0.25.0"
      }
    },
    "node_modules/ramda": {
      "version": "0.25.0",
      "resolved": "https://registry.npmjs.org/ramda/-/ramda-0.25.0.tgz",
      "integrity": "sha512-GXpfrYVPwx3K7RQ6aYT8KPS8XViSXUVJT1ONhoKPE9VAleW42YE+U+8VEyGWt41EnEQW7gwecYJriTI0pKoecQ=="
    }
  },
  "dependencies": {
    "moment": {
      "version": "2.29.4",
      "resolved": "https://registry.npmjs.org/moment/-/moment-2.29.4.tgz",
      "integrity": "sha512-5LC9SOxjSc2HF6vO2CyuTDNivEdoz2IvyJJGj6X8DJ0eFyfszE0QiEd+iXmBvUP3WHxSjFH/vIsA0EN00cgr8w=="
    },
    "momento": {
      "version": "0.2.0",
      "resolved": "https://registry.npmjs.org/momento/-/momento-0.2.0.tgz",
      "integrity": "sha512-nIuBJ0hbUtyx+64LOSV+Bt53bQ3/YFvLx7VmPoTzXT0CBpFJdN5einKfUG0SMOpfSFFDQDh5Yjc1/k0082IwCw==",
      "requires": {
        "moment": "~2.19.3",
        "ramda": "^0.25.0"
      }
    },
    "ramda": {
      "version": "0.25.0",
      "resolved": "https://registry.npmjs.org/ramda/-/ramda-0.25.0.tgz",
      "integrity": "sha512-GXpfrYVPwx3K7RQ6aYT8KPS8XViSXUVJT1ONhoKPE9VAleW42YE+U+8VEyGWt41EnEQW7gwecYJriTI0pKoecQ=="
    }
  }
}
